
Microsoft Visual Studio Solution File, Format Version 12.00
# Visual Studio Version 16
VisualStudioVersion = 16.0.33423.256
MinimumVisualStudioVersion = 10.0.40219.1
Project("{8BC9CEB8-8B4A-11D0-8D11-00A0C91BC942}") = "xrCoreStatic", "src\xrCore\xrCoreStatic.vcxproj", "{F1066EAC-EE25-4C7A-9023-5957A6F7BA27}"
EndProject
Project("{8BC9CEB8-8B4A-11D0-8D11-00A0C91BC942}") = "Max_Export_60", "src\plugins\Max\MAX_Export60.vcxproj", "{93AD3B7E-71DE-4FA2-90E7-A79782ED4960}"
EndProject
Project("{8BC9CEB8-8B4A-11D0-8D11-00A0C91BC942}") = "Max_Material_60", "src\plugins\Max\MAX_Material60.vcxproj", "{56AD8F54-F89E-4B5A-93F8-8A617BFD1160}"
EndProject
Global
	GlobalSection(SolutionConfigurationPlatforms) = preSolution
		Debug|x64 = Debug|x64
		Mixed|x64 = Mixed|x64
		Release|x64 = Release|x64
	EndGlobalSection
	GlobalSection(ProjectConfigurationPlatforms) = postSolution
		{F1066EAC-EE25-4C7A-9023-5957A6F7BA27}.Debug|x64.ActiveCfg = Debug|x64
		{F1066EAC-EE25-4C7A-9023-5957A6F7BA27}.Mixed|x64.ActiveCfg = Mixed|x64
		{F1066EAC-EE25-4C7A-9023-5957A6F7BA27}.Mixed|x64.Build.0 = Mixed|x64
		{F1066EAC-EE25-4C7A-9023-5957A6F7BA27}.Release|x64.ActiveCfg = Release|x64
		{F1066EAC-EE25-4C7A-9023-5957A6F7BA27}.Release|x64.Build.0 = Release|x64
		{93AD3B7E-71DE-4FA2-90E7-A79782ED4960}.Debug|x64.ActiveCfg = Debug|x64
		{93AD3B7E-71DE-4FA2-90E7-A79782ED4960}.Debug|x64.Build.0 = Debug|x64
		{93AD3B7E-71DE-4FA2-90E7-A79782ED4960}.Mixed|x64.ActiveCfg = Mixed|x64
		{93AD3B7E-71DE-4FA2-90E7-A79782ED4960}.Mixed|x64.Build.0 = Mixed|x64
		{93AD3B7E-71DE-4FA2-90E7-A79782ED4960}.Release|x64.ActiveCfg = Release|x64
		{93AD3B7E-71DE-4FA2-90E7-A79782ED4960}.Release|x64.Build.0 = Release|x64
		{56AD8F54-F89E-4B5A-93F8-8A617BFD1160}.Debug|x64.ActiveCfg = Debug|x64
		{56AD8F54-F89E-4B5A-93F8-8A617BFD1160}.Mixed|x64.ActiveCfg = Debug|x64
		{56AD8F54-F89E-4B5A-93F8-8A617BFD1160}.Mixed|x64.Build.0 = Debug|x64
		{56AD8F54-F89E-4B5A-93F8-8A617BFD1160}.Release|x64.ActiveCfg = Release|x64
		{56AD8F54-F89E-4B5A-93F8-8A617BFD1160}.Release|x64.Build.0 = Release|x64
	EndGlobalSection
	GlobalSection(SolutionProperties) = preSolution
		HideSolutionNode = FALSE
	EndGlobalSection
	GlobalSection(ExtensibilityGlobals) = postSolution
		SolutionGuid = {82E88E02-CC5F-4996-9500-42D2E822774D}
	EndGlobalSection
EndGlobal
